
Microsoft Visual Studio Solution File, Format Version 12.00
# Visual Studio Version 17
VisualStudioVersion = 17.5.33530.505
MinimumVisualStudioVersion = 10.0.40219.1
Project("{FAE04EC0-301F-11D3-BF4B-00C04F79EFBC}") = "App", "App\App.csproj", "{801CAEE3-D8E0-47ED-B145-A22420D6EB64}"
EndProject
Global
	GlobalSection(SolutionConfigurationPlatforms) = preSolution
		Debug|Any CPU = Debug|Any CPU
		Release|Any CPU = Release|Any CPU
	EndGlobalSection
	GlobalSection(ProjectConfigurationPlatforms) = postSolution
		{801CAEE3-D8E0-47ED-B145-A22420D6EB64}.Debug|Any CPU.ActiveCfg = Debug|Any CPU
		{801CAEE3-D8E0-47ED-B145-A22420D6EB64}.Debug|Any CPU.Build.0 = Debug|Any CPU
		{801CAEE3-D8E0-47ED-B145-A22420D6EB64}.Release|Any CPU.ActiveCfg = Release|Any CPU
		{801CAEE3-D8E0-47ED-B145-A22420D6EB64}.Release|Any CPU.Build.0 = Release|Any CPU
	EndGlobalSection
	GlobalSection(SolutionProperties) = preSolution
		HideSolutionNode = FALSE
	EndGlobalSection
	GlobalSection(ExtensibilityGlobals) = postSolution
		SolutionGuid = {4884CFAC-26B4-49E1-87EA-A4369FAE75D4}
	EndGlobalSection
EndGlobal
